
Microsoft Visual Studio Solution File, Format Version 12.00
# Visual Studio Version 17
VisualStudioVersion = 17.3.32922.545
MinimumVisualStudioVersion = 10.0.40219.1
Project("{FAE04EC0-301F-11D3-BF4B-00C04F79EFBC}") = "EmployeeAPI", "EmployeeAPI.csproj", "{7CEE9493-8F6A-45C2-8B00-AF4CE3D6E419}"
EndProject
Global
	GlobalSection(SolutionConfigurationPlatforms) = preSolution
		Debug|Any CPU = Debug|Any CPU
		Release|Any CPU = Release|Any CPU
	EndGlobalSection
	GlobalSection(ProjectConfigurationPlatforms) = postSolution
		{7CEE9493-8F6A-45C2-8B00-AF4CE3D6E419}.Debug|Any CPU.ActiveCfg = Debug|Any CPU
		{7CEE9493-8F6A-45C2-8B00-AF4CE3D6E419}.Debug|Any CPU.Build.0 = Debug|Any CPU
		{7CEE9493-8F6A-45C2-8B00-AF4CE3D6E419}.Release|Any CPU.ActiveCfg = Release|Any CPU
		{7CEE9493-8F6A-45C2-8B00-AF4CE3D6E419}.Release|Any CPU.Build.0 = Release|Any CPU
	EndGlobalSection
	GlobalSection(SolutionProperties) = preSolution
		HideSolutionNode = FALSE
	EndGlobalSection
	GlobalSection(ExtensibilityGlobals) = postSolution
		SolutionGuid = {3F12123D-B3F2-4C82-8851-C1133DC8688A}
	EndGlobalSection
EndGlobal
